
Microsoft Visual Studio Solution File, Format Version 12.00
# Visual Studio Version 16
VisualStudioVersion = 16.0.32929.386
MinimumVisualStudioVersion = 10.0.40219.1
Project("{FAE04EC0-301F-11D3-BF4B-00C04F79EFBC}") = "Weather Pocket.Android", "Weather Pocket.Android\Weather Pocket.Android.csproj", "{09003E3C-A80D-4F30-8F37-EB19D8415B4D}"
EndProject
Project("{FAE04EC0-301F-11D3-BF4B-00C04F79EFBC}") = "Weather Pocket", "Weather Pocket\Weather Pocket.csproj", "{EFDFFD8A-AD2F-4AFC-80D2-C120B965F48D}"
EndProject
Global
	GlobalSection(SolutionConfigurationPlatforms) = preSolution
		Debug|Any CPU = Debug|Any CPU
		Release|Any CPU = Release|Any CPU
	EndGlobalSection
	GlobalSection(ProjectConfigurationPlatforms) = postSolution
		{09003E3C-A80D-4F30-8F37-EB19D8415B4D}.Debug|Any CPU.ActiveCfg = Debug|Any CPU
		{09003E3C-A80D-4F30-8F37-EB19D8415B4D}.Debug|Any CPU.Build.0 = Debug|Any CPU
		{09003E3C-A80D-4F30-8F37-EB19D8415B4D}.Debug|Any CPU.Deploy.0 = Debug|Any CPU
		{09003E3C-A80D-4F30-8F37-EB19D8415B4D}.Release|Any CPU.ActiveCfg = Release|Any CPU
		{09003E3C-A80D-4F30-8F37-EB19D8415B4D}.Release|Any CPU.Build.0 = Release|Any CPU
		{09003E3C-A80D-4F30-8F37-EB19D8415B4D}.Release|Any CPU.Deploy.0 = Release|Any CPU
		{EFDFFD8A-AD2F-4AFC-80D2-C120B965F48D}.Debug|Any CPU.ActiveCfg = Debug|Any CPU
		{EFDFFD8A-AD2F-4AFC-80D2-C120B965F48D}.Debug|Any CPU.Build.0 = Debug|Any CPU
		{EFDFFD8A-AD2F-4AFC-80D2-C120B965F48D}.Debug|Any CPU.Deploy.0 = Debug|Any CPU
		{EFDFFD8A-AD2F-4AFC-80D2-C120B965F48D}.Release|Any CPU.ActiveCfg = Release|Any CPU
		{EFDFFD8A-AD2F-4AFC-80D2-C120B965F48D}.Release|Any CPU.Build.0 = Release|Any CPU
		{EFDFFD8A-AD2F-4AFC-80D2-C120B965F48D}.Release|Any CPU.Deploy.0 = Release|Any CPU
	EndGlobalSection
	GlobalSection(SolutionProperties) = preSolution
		HideSolutionNode = FALSE
	EndGlobalSection
	GlobalSection(ExtensibilityGlobals) = postSolution
		SolutionGuid = {3857457E-75D7-4991-A005-D452C0A59C23}
	EndGlobalSection
EndGlobal
